// !$*UTF8*$!
{
	archiveVersion = 1;
	classes = {
	};
	objectVersion = 53;
	objects = {

/* Begin PBXBuildFile section */
		666E8C3C2510E16600D74555 /* Download.storyboard in Resources */ = {isa = PBXBuildFile; fileRef = 666E8C3B2510E16600D74555 /* Download.storyboard */; };
		666E8C3E2510E38100D74555 /* InitiateDownload.swift in Sources */ = {isa = PBXBuildFile; fileRef = 666E8C3D2510E38100D74555 /* InitiateDownload.swift */; };
		666E8C412510F3E000D74555 /* Alamofire in Frameworks */ = {isa = PBXBuildFile; productRef = 666E8C402510F3E000D74555 /* Alamofire */; };
		666E8C442510F7DF00D74555 /* ZIPFoundation in Frameworks */ = {isa = PBXBuildFile; productRef = 666E8C432510F7DF00D74555 /* ZIPFoundation */; };
		6692FDC7250B960800011A04 /* AppDelegate.swift in Sources */ = {isa = PBXBuildFile; fileRef = 6692FDC6250B960800011A04 /* AppDelegate.swift */; };
		6692FDC9250B960800011A04 /* PlistViewController.swift in Sources */ = {isa = PBXBuildFile; fileRef = 6692FDC8250B960800011A04 /* PlistViewController.swift */; };
		6692FDCC250B960800011A04 /* OCUtil.xcdatamodeld in Sources */ = {isa = PBXBuildFile; fileRef = 6692FDCA250B960800011A04 /* OCUtil.xcdatamodeld */; };
		6692FDCE250B960A00011A04 /* Assets.xcassets in Resources */ = {isa = PBXBuildFile; fileRef = 6692FDCD250B960A00011A04 /* Assets.xcassets */; };
		6692FDD1250B960A00011A04 /* Main.storyboard in Resources */ = {isa = PBXBuildFile; fileRef = 6692FDCF250B960A00011A04 /* Main.storyboard */; };
		6692FDDA250BFB6100011A04 /* OutlineFeed.swift in Sources */ = {isa = PBXBuildFile; fileRef = 6692FDD9250BFB6100011A04 /* OutlineFeed.swift */; };
		6692FDDD250BFB9300011A04 /* Tool+CoreDataClass.swift in Sources */ = {isa = PBXBuildFile; fileRef = 6692FDDB250BFB9300011A04 /* Tool+CoreDataClass.swift */; };
		6692FDDE250BFB9300011A04 /* Tool+CoreDataProperties.swift in Sources */ = {isa = PBXBuildFile; fileRef = 6692FDDC250BFB9300011A04 /* Tool+CoreDataProperties.swift */; };
		6692FDE0250C99AC00011A04 /* Plist.storyboard in Resources */ = {isa = PBXBuildFile; fileRef = 6692FDDF250C99AC00011A04 /* Plist.storyboard */; };
		6692FDE2250C9ADF00011A04 /* MainViewController.swift in Sources */ = {isa = PBXBuildFile; fileRef = 6692FDE1250C9ADF00011A04 /* MainViewController.swift */; };
		6692FDE6250CD9B500011A04 /* UtilityViewController.swift in Sources */ = {isa = PBXBuildFile; fileRef = 6692FDE5250CD9B500011A04 /* UtilityViewController.swift */; };
		6692FDE8250D12BB00011A04 /* ManagerViewController.swift in Sources */ = {isa = PBXBuildFile; fileRef = 6692FDE7250D12BB00011A04 /* ManagerViewController.swift */; };
		6692FDEA250D12C900011A04 /* Manager.storyboard in Resources */ = {isa = PBXBuildFile; fileRef = 6692FDE9250D12C900011A04 /* Manager.storyboard */; };
/* End PBXBuildFile section */

/* Begin PBXFileReference section */
		666E8C3B2510E16600D74555 /* Download.storyboard */ = {isa = PBXFileReference; lastKnownFileType = file.storyboard; path = Download.storyboard; sourceTree = "<group>"; };
		666E8C3D2510E38100D74555 /* InitiateDownload.swift */ = {isa = PBXFileReference; lastKnownFileType = sourcecode.swift; path = InitiateDownload.swift; sourceTree = "<group>"; };
		6692FDC3250B960800011A04 /* OCUtil.app */ = {isa = PBXFileReference; explicitFileType = wrapper.application; includeInIndex = 0; path = OCUtil.app; sourceTree = BUILT_PRODUCTS_DIR; };
		6692FDC6250B960800011A04 /* AppDelegate.swift */ = {isa = PBXFileReference; lastKnownFileType = sourcecode.swift; path = AppDelegate.swift; sourceTree = "<group>"; };
		6692FDC8250B960800011A04 /* PlistViewController.swift */ = {isa = PBXFileReference; lastKnownFileType = sourcecode.swift; path = PlistViewController.swift; sourceTree = "<group>"; };
		6692FDCB250B960800011A04 /* OCUtil.xcdatamodel */ = {isa = PBXFileReference; lastKnownFileType = wrapper.xcdatamodel; path = OCUtil.xcdatamodel; sourceTree = "<group>"; };
		6692FDCD250B960A00011A04 /* Assets.xcassets */ = {isa = PBXFileReference; lastKnownFileType = folder.assetcatalog; path = Assets.xcassets; sourceTree = "<group>"; };
		6692FDD0250B960A00011A04 /* Base */ = {isa = PBXFileReference; lastKnownFileType = file.storyboard; name = Base; path = Base.lproj/Main.storyboard; sourceTree = "<group>"; };
		6692FDD2250B960A00011A04 /* Info.plist */ = {isa = PBXFileReference; lastKnownFileType = text.plist.xml; path = Info.plist; sourceTree = "<group>"; };
		6692FDD3250B960A00011A04 /* OCUtil.entitlements */ = {isa = PBXFileReference; lastKnownFileType = text.plist.entitlements; path = OCUtil.entitlements; sourceTree = "<group>"; };
		6692FDD9250BFB6100011A04 /* OutlineFeed.swift */ = {isa = PBXFileReference; lastKnownFileType = sourcecode.swift; path = OutlineFeed.swift; sourceTree = "<group>"; };
		6692FDDB250BFB9300011A04 /* Tool+CoreDataClass.swift */ = {isa = PBXFileReference; lastKnownFileType = sourcecode.swift; path = "Tool+CoreDataClass.swift"; sourceTree = "<group>"; };
		6692FDDC250BFB9300011A04 /* Tool+CoreDataProperties.swift */ = {isa = PBXFileReference; lastKnownFileType = sourcecode.swift; path = "Tool+CoreDataProperties.swift"; sourceTree = "<group>"; };
		6692FDDF250C99AC00011A04 /* Plist.storyboard */ = {isa = PBXFileReference; lastKnownFileType = file.storyboard; path = Plist.storyboard; sourceTree = "<group>"; };
		6692FDE1250C9ADF00011A04 /* MainViewController.swift */ = {isa = PBXFileReference; lastKnownFileType = sourcecode.swift; path = MainViewController.swift; sourceTree = "<group>"; };
		6692FDE5250CD9B500011A04 /* UtilityViewController.swift */ = {isa = PBXFileReference; lastKnownFileType = sourcecode.swift; path = UtilityViewController.swift; sourceTree = "<group>"; };
		6692FDE7250D12BB00011A04 /* ManagerViewController.swift */ = {isa = PBXFileReference; lastKnownFileType = sourcecode.swift; path = ManagerViewController.swift; sourceTree = "<group>"; };
		6692FDE9250D12C900011A04 /* Manager.storyboard */ = {isa = PBXFileReference; lastKnownFileType = file.storyboard; path = Manager.storyboard; sourceTree = "<group>"; };
/* End PBXFileReference section */

/* Begin PBXFrameworksBuildPhase section */
		6692FDC0250B960800011A04 /* Frameworks */ = {
			isa = PBXFrameworksBuildPhase;
			buildActionMask = 2147483647;
			files = (
				666E8C412510F3E000D74555 /* Alamofire in Frameworks */,
				666E8C442510F7DF00D74555 /* ZIPFoundation in Frameworks */,
			);
			runOnlyForDeploymentPostprocessing = 0;
		};
/* End PBXFrameworksBuildPhase section */

/* Begin PBXGroup section */
		6692FDBA250B960800011A04 = {
			isa = PBXGroup;
			children = (
				6692FDC5250B960800011A04 /* OCUtil */,
				6692FDC4250B960800011A04 /* Products */,
			);
			sourceTree = "<group>";
		};
		6692FDC4250B960800011A04 /* Products */ = {
			isa = PBXGroup;
			children = (
				6692FDC3250B960800011A04 /* OCUtil.app */,
			);
			name = Products;
			sourceTree = "<group>";
		};
		6692FDC5250B960800011A04 /* OCUtil */ = {
			isa = PBXGroup;
			children = (
				6692FDDB250BFB9300011A04 /* Tool+CoreDataClass.swift */,
				6692FDDC250BFB9300011A04 /* Tool+CoreDataProperties.swift */,
				6692FDE1250C9ADF00011A04 /* MainViewController.swift */,
				6692FDC8250B960800011A04 /* PlistViewController.swift */,
				6692FDCD250B960A00011A04 /* Assets.xcassets */,
				6692FDCF250B960A00011A04 /* Main.storyboard */,
				666E8C3B2510E16600D74555 /* Download.storyboard */,
				666E8C3D2510E38100D74555 /* InitiateDownload.swift */,
				6692FDDF250C99AC00011A04 /* Plist.storyboard */,
				6692FDE7250D12BB00011A04 /* ManagerViewController.swift */,
				6692FDE9250D12C900011A04 /* Manager.storyboard */,
				6692FDE5250CD9B500011A04 /* UtilityViewController.swift */,
				6692FDC6250B960800011A04 /* AppDelegate.swift */,
				6692FDD2250B960A00011A04 /* Info.plist */,
				6692FDD3250B960A00011A04 /* OCUtil.entitlements */,
				6692FDCA250B960800011A04 /* OCUtil.xcdatamodeld */,
				6692FDD9250BFB6100011A04 /* OutlineFeed.swift */,
			);
			path = OCUtil;
			sourceTree = "<group>";
		};
/* End PBXGroup section */

/* Begin PBXNativeTarget section */
		6692FDC2250B960800011A04 /* OCUtil */ = {
			isa = PBXNativeTarget;
			buildConfigurationList = 6692FDD6250B960A00011A04 /* Build configuration list for PBXNativeTarget "OCUtil" */;
			buildPhases = (
				6692FDBF250B960800011A04 /* Sources */,
				6692FDC0250B960800011A04 /* Frameworks */,
				6692FDC1250B960800011A04 /* Resources */,
			);
			buildRules = (
			);
			dependencies = (
			);
			name = OCUtil;
			packageProductDependencies = (
				666E8C402510F3E000D74555 /* Alamofire */,
				666E8C432510F7DF00D74555 /* ZIPFoundation */,
			);
			productName = OCUtil;
			productReference = 6692FDC3250B960800011A04 /* OCUtil.app */;
			productType = "com.apple.product-type.application";
		};
/* End PBXNativeTarget section */

/* Begin PBXProject section */
		6692FDBB250B960800011A04 /* Project object */ = {
			isa = PBXProject;
			attributes = {
				BuildIndependentTargetsInParallel = YES;
				LastSwiftUpdateCheck = 1170;
				LastUpgradeCheck = 1200;
				ORGANIZATIONNAME = "M. De Vries";
				TargetAttributes = {
					6692FDC2250B960800011A04 = {
						CreatedOnToolsVersion = 11.7;
					};
				};
			};
			buildConfigurationList = 6692FDBE250B960800011A04 /* Build configuration list for PBXProject "OCUtil" */;
			compatibilityVersion = "Xcode 9.3";
			developmentRegion = en;
			hasScannedForEncodings = 0;
			knownRegions = (
				en,
				Base,
			);
			mainGroup = 6692FDBA250B960800011A04;
			packageReferences = (
				666E8C3F2510F3E000D74555 /* XCRemoteSwiftPackageReference "Alamofire" */,
				666E8C422510F7DF00D74555 /* XCRemoteSwiftPackageReference "ZIPFoundation" */,
			);
			productRefGroup = 6692FDC4250B960800011A04 /* Products */;
			projectDirPath = "";
			projectRoot = "";
			targets = (
				6692FDC2250B960800011A04 /* OCUtil */,
			);
		};
/* End PBXProject section */

/* Begin PBXResourcesBuildPhase section */
		6692FDC1250B960800011A04 /* Resources */ = {
			isa = PBXResourcesBuildPhase;
			buildActionMask = 2147483647;
			files = (
				6692FDEA250D12C900011A04 /* Manager.storyboard in Resources */,
				6692FDE0250C99AC00011A04 /* Plist.storyboard in Resources */,
				6692FDCE250B960A00011A04 /* Assets.xcassets in Resources */,
				6692FDD1250B960A00011A04 /* Main.storyboard in Resources */,
				666E8C3C2510E16600D74555 /* Download.storyboard in Resources */,
			);
			runOnlyForDeploymentPostprocessing = 0;
		};
/* End PBXResourcesBuildPhase section */

/* Begin PBXSourcesBuildPhase section */
		6692FDBF250B960800011A04 /* Sources */ = {
			isa = PBXSourcesBuildPhase;
			buildActionMask = 2147483647;
			files = (
				6692FDE2250C9ADF00011A04 /* MainViewController.swift in Sources */,
				6692FDE6250CD9B500011A04 /* UtilityViewController.swift in Sources */,
				6692FDDD250BFB9300011A04 /* Tool+CoreDataClass.swift in Sources */,
				6692FDE8250D12BB00011A04 /* ManagerViewController.swift in Sources */,
				666E8C3E2510E38100D74555 /* InitiateDownload.swift in Sources */,
				6692FDDA250BFB6100011A04 /* OutlineFeed.swift in Sources */,
				6692FDC9250B960800011A04 /* PlistViewController.swift in Sources */,
				6692FDCC250B960800011A04 /* OCUtil.xcdatamodeld in Sources */,
				6692FDC7250B960800011A04 /* AppDelegate.swift in Sources */,
				6692FDDE250BFB9300011A04 /* Tool+CoreDataProperties.swift in Sources */,
			);
			runOnlyForDeploymentPostprocessing = 0;
		};
/* End PBXSourcesBuildPhase section */

/* Begin PBXVariantGroup section */
		6692FDCF250B960A00011A04 /* Main.storyboard */ = {
			isa = PBXVariantGroup;
			children = (
				6692FDD0250B960A00011A04 /* Base */,
			);
			name = Main.storyboard;
			sourceTree = "<group>";
		};
/* End PBXVariantGroup section */

/* Begin XCBuildConfiguration section */
		6692FDD4250B960A00011A04 /* Debug */ = {
			isa = XCBuildConfiguration;
			buildSettings = {
				ALWAYS_SEARCH_USER_PATHS = NO;
				CLANG_ANALYZER_NONNULL = YES;
				CLANG_ANALYZER_NUMBER_OBJECT_CONVERSION = YES_AGGRESSIVE;
				CLANG_CXX_LANGUAGE_STANDARD = "gnu++14";
				CLANG_CXX_LIBRARY = "libc++";
				CLANG_ENABLE_MODULES = YES;
				CLANG_ENABLE_OBJC_ARC = YES;
				CLANG_ENABLE_OBJC_WEAK = YES;
				CLANG_WARN_BLOCK_CAPTURE_AUTORELEASING = YES;
				CLANG_WARN_BOOL_CONVERSION = YES;
				CLANG_WARN_COMMA = YES;
				CLANG_WARN_CONSTANT_CONVERSION = YES;
				CLANG_WARN_DEPRECATED_OBJC_IMPLEMENTATIONS = YES;
				CLANG_WARN_DIRECT_OBJC_ISA_USAGE = YES_ERROR;
				CLANG_WARN_DOCUMENTATION_COMMENTS = YES;
				CLANG_WARN_EMPTY_BODY = YES;
				CLANG_WARN_ENUM_CONVERSION = YES;
				CLANG_WARN_INFINITE_RECURSION = YES;
				CLANG_WARN_INT_CONVERSION = YES;
				CLANG_WARN_NON_LITERAL_NULL_CONVERSION = YES;
				CLANG_WARN_OBJC_IMPLICIT_RETAIN_SELF = YES;
				CLANG_WARN_OBJC_LITERAL_CONVERSION = YES;
				CLANG_WARN_OBJC_ROOT_CLASS = YES_ERROR;
				CLANG_WARN_QUOTED_INCLUDE_IN_FRAMEWORK_HEADER = YES;
				CLANG_WARN_RANGE_LOOP_ANALYSIS = YES;
				CLANG_WARN_STRICT_PROTOTYPES = YES;
				CLANG_WARN_SUSPICIOUS_MOVE = YES;
				CLANG_WARN_UNGUARDED_AVAILABILITY = YES_AGGRESSIVE;
				CLANG_WARN_UNREACHABLE_CODE = YES;
				CLANG_WARN__DUPLICATE_METHOD_MATCH = YES;
				COPY_PHASE_STRIP = NO;
				DEBUG_INFORMATION_FORMAT = dwarf;
				ENABLE_STRICT_OBJC_MSGSEND = YES;
				ENABLE_TESTABILITY = YES;
				GCC_C_LANGUAGE_STANDARD = gnu11;
				GCC_DYNAMIC_NO_PIC = NO;
				GCC_NO_COMMON_BLOCKS = YES;
				GCC_OPTIMIZATION_LEVEL = 0;
				GCC_PREPROCESSOR_DEFINITIONS = (
					"DEBUG=1",
					"$(inherited)",
				);
				GCC_WARN_64_TO_32_BIT_CONVERSION = YES;
				GCC_WARN_ABOUT_RETURN_TYPE = YES_ERROR;
				GCC_WARN_UNDECLARED_SELECTOR = YES;
				GCC_WARN_UNINITIALIZED_AUTOS = YES_AGGRESSIVE;
				GCC_WARN_UNUSED_FUNCTION = YES;
				GCC_WARN_UNUSED_VARIABLE = YES;
				MACOSX_DEPLOYMENT_TARGET = 10.16;
				MTL_ENABLE_DEBUG_INFO = INCLUDE_SOURCE;
				MTL_FAST_MATH = YES;
				ONLY_ACTIVE_ARCH = YES;
				SDKROOT = macosx;
				SWIFT_ACTIVE_COMPILATION_CONDITIONS = DEBUG;
				SWIFT_OPTIMIZATION_LEVEL = "-Onone";
			};
			name = Debug;
		};
		6692FDD5250B960A00011A04 /* Release */ = {
			isa = XCBuildConfiguration;
			buildSettings = {
				ALWAYS_SEARCH_USER_PATHS = NO;
				CLANG_ANALYZER_NONNULL = YES;
				CLANG_ANALYZER_NUMBER_OBJECT_CONVERSION = YES_AGGRESSIVE;
				CLANG_CXX_LANGUAGE_STANDARD = "gnu++14";
				CLANG_CXX_LIBRARY = "libc++";
				CLANG_ENABLE_MODULES = YES;
				CLANG_ENABLE_OBJC_ARC = YES;
				CLANG_ENABLE_OBJC_WEAK = YES;
				CLANG_WARN_BLOCK_CAPTURE_AUTORELEASING = YES;
				CLANG_WARN_BOOL_CONVERSION = YES;
				CLANG_WARN_COMMA = YES;
				CLANG_WARN_CONSTANT_CONVERSION = YES;
				CLANG_WARN_DEPRECATED_OBJC_IMPLEMENTATIONS = YES;
				CLANG_WARN_DIRECT_OBJC_ISA_USAGE = YES_ERROR;
				CLANG_WARN_DOCUMENTATION_COMMENTS = YES;
				CLANG_WARN_EMPTY_BODY = YES;
				CLANG_WARN_ENUM_CONVERSION = YES;
				CLANG_WARN_INFINITE_RECURSION = YES;
				CLANG_WARN_INT_CONVERSION = YES;
				CLANG_WARN_NON_LITERAL_NULL_CONVERSION = YES;
				CLANG_WARN_OBJC_IMPLICIT_RETAIN_SELF = YES;
				CLANG_WARN_OBJC_LITERAL_CONVERSION = YES;
				CLANG_WARN_OBJC_ROOT_CLASS = YES_ERROR;
				CLANG_WARN_QUOTED_INCLUDE_IN_FRAMEWORK_HEADER = YES;
				CLANG_WARN_RANGE_LOOP_ANALYSIS = YES;
				CLANG_WARN_STRICT_PROTOTYPES = YES;
				CLANG_WARN_SUSPICIOUS_MOVE = YES;
				CLANG_WARN_UNGUARDED_AVAILABILITY = YES_AGGRESSIVE;
				CLANG_WARN_UNREACHABLE_CODE = YES;
				CLANG_WARN__DUPLICATE_METHOD_MATCH = YES;
				COPY_PHASE_STRIP = NO;
				DEBUG_INFORMATION_FORMAT = "dwarf-with-dsym";
				ENABLE_NS_ASSERTIONS = NO;
				ENABLE_STRICT_OBJC_MSGSEND = YES;
				GCC_C_LANGUAGE_STANDARD = gnu11;
				GCC_NO_COMMON_BLOCKS = YES;
				GCC_WARN_64_TO_32_BIT_CONVERSION = YES;
				GCC_WARN_ABOUT_RETURN_TYPE = YES_ERROR;
				GCC_WARN_UNDECLARED_SELECTOR = YES;
				GCC_WARN_UNINITIALIZED_AUTOS = YES_AGGRESSIVE;
				GCC_WARN_UNUSED_FUNCTION = YES;
				GCC_WARN_UNUSED_VARIABLE = YES;
				MACOSX_DEPLOYMENT_TARGET = 10.16;
				MTL_ENABLE_DEBUG_INFO = NO;
				MTL_FAST_MATH = YES;
				SDKROOT = macosx;
				SWIFT_COMPILATION_MODE = wholemodule;
				SWIFT_OPTIMIZATION_LEVEL = "-O";
			};
			name = Release;
		};
		6692FDD7250B960A00011A04 /* Debug */ = {
			isa = XCBuildConfiguration;
			buildSettings = {
				ASSETCATALOG_COMPILER_APPICON_NAME = AppIcon;
				CODE_SIGN_ENTITLEMENTS = OCUtil/OCUtil.entitlements;
				CODE_SIGN_IDENTITY = "-";
				CODE_SIGN_STYLE = Automatic;
				COMBINE_HIDPI_IMAGES = YES;
				DEVELOPMENT_TEAM = 7KH6ST6L2Y;
				ENABLE_HARDENED_RUNTIME = YES;
				INFOPLIST_FILE = OCUtil/Info.plist;
				LD_RUNPATH_SEARCH_PATHS = (
					"$(inherited)",
					"@executable_path/../Frameworks",
				);
				MACOSX_DEPLOYMENT_TARGET = 10.13;
				PRODUCT_BUNDLE_IDENTIFIER = com.merlijn.OCUtil;
				PRODUCT_NAME = "$(TARGET_NAME)";
				SWIFT_VERSION = 5.0;
			};
			name = Debug;
		};
		6692FDD8250B960A00011A04 /* Release */ = {
			isa = XCBuildConfiguration;
			buildSettings = {
				ASSETCATALOG_COMPILER_APPICON_NAME = AppIcon;
				CODE_SIGN_ENTITLEMENTS = OCUtil/OCUtil.entitlements;
				CODE_SIGN_IDENTITY = "Apple Development";
				CODE_SIGN_STYLE = Automatic;
				COMBINE_HIDPI_IMAGES = YES;
				DEVELOPMENT_TEAM = 7KH6ST6L2Y;
				ENABLE_HARDENED_RUNTIME = YES;
				INFOPLIST_FILE = OCUtil/Info.plist;
				LD_RUNPATH_SEARCH_PATHS = (
					"$(inherited)",
					"@executable_path/../Frameworks",
				);
				MACOSX_DEPLOYMENT_TARGET = 10.13;
				PRODUCT_BUNDLE_IDENTIFIER = com.merlijn.OCUtil;
				PRODUCT_NAME = "$(TARGET_NAME)";
				PROVISIONING_PROFILE_SPECIFIER = "";
				SWIFT_VERSION = 5.0;
			};
			name = Release;
		};
/* End XCBuildConfiguration section */

/* Begin XCConfigurationList section */
		6692FDBE250B960800011A04 /* Build configuration list for PBXProject "OCUtil" */ = {
			isa = XCConfigurationList;
			buildConfigurations = (
				6692FDD4250B960A00011A04 /* Debug */,
				6692FDD5250B960A00011A04 /* Release */,
			);
			defaultConfigurationIsVisible = 0;
			defaultConfigurationName = Release;
		};
		6692FDD6250B960A00011A04 /* Build configuration list for PBXNativeTarget "OCUtil" */ = {
			isa = XCConfigurationList;
			buildConfigurations = (
				6692FDD7250B960A00011A04 /* Debug */,
				6692FDD8250B960A00011A04 /* Release */,
			);
			defaultConfigurationIsVisible = 0;
			defaultConfigurationName = Release;
		};
/* End XCConfigurationList section */

/* Begin XCRemoteSwiftPackageReference section */
		666E8C3F2510F3E000D74555 /* XCRemoteSwiftPackageReference "Alamofire" */ = {
			isa = XCRemoteSwiftPackageReference;
			repositoryURL = "https://github.com/Alamofire/Alamofire.git";
			requirement = {
				kind = upToNextMajorVersion;
				minimumVersion = 5.2.2;
			};
		};
		666E8C422510F7DF00D74555 /* XCRemoteSwiftPackageReference "ZIPFoundation" */ = {
			isa = XCRemoteSwiftPackageReference;
			repositoryURL = "https://github.com/weichsel/ZIPFoundation/";
			requirement = {
				kind = upToNextMajorVersion;
				minimumVersion = 0.9.11;
			};
		};
/* End XCRemoteSwiftPackageReference section */

/* Begin XCSwiftPackageProductDependency section */
		666E8C402510F3E000D74555 /* Alamofire */ = {
			isa = XCSwiftPackageProductDependency;
			package = 666E8C3F2510F3E000D74555 /* XCRemoteSwiftPackageReference "Alamofire" */;
			productName = Alamofire;
		};
		666E8C432510F7DF00D74555 /* ZIPFoundation */ = {
			isa = XCSwiftPackageProductDependency;
			package = 666E8C422510F7DF00D74555 /* XCRemoteSwiftPackageReference "ZIPFoundation" */;
			productName = ZIPFoundation;
		};
/* End XCSwiftPackageProductDependency section */

/* Begin XCVersionGroup section */
		6692FDCA250B960800011A04 /* OCUtil.xcdatamodeld */ = {
			isa = XCVersionGroup;
			children = (
				6692FDCB250B960800011A04 /* OCUtil.xcdatamodel */,
			);
			currentVersion = 6692FDCB250B960800011A04 /* OCUtil.xcdatamodel */;
			path = OCUtil.xcdatamodeld;
			sourceTree = "<group>";
			versionGroupType = wrapper.xcdatamodel;
		};
/* End XCVersionGroup section */
	};
	rootObject = 6692FDBB250B960800011A04 /* Project object */;
}
